
Microsoft Visual Studio Solution File, Format Version 12.00
# Visual Studio Version 16
VisualStudioVersion = 16.0.31729.503
MinimumVisualStudioVersion = 10.0.40219.1
Project("{FAE04EC0-301F-11D3-BF4B-00C04F79EFBC}") = "5_zadanie", "5_zadanie\5_zadanie.csproj", "{92D45D86-3261-4986-BF19-45AC6A579057}"
EndProject
Global
	GlobalSection(SolutionConfigurationPlatforms) = preSolution
		Debug|Any CPU = Debug|Any CPU
		Release|Any CPU = Release|Any CPU
	EndGlobalSection
	GlobalSection(ProjectConfigurationPlatforms) = postSolution
		{92D45D86-3261-4986-BF19-45AC6A579057}.Debug|Any CPU.ActiveCfg = Debug|Any CPU
		{92D45D86-3261-4986-BF19-45AC6A579057}.Debug|Any CPU.Build.0 = Debug|Any CPU
		{92D45D86-3261-4986-BF19-45AC6A579057}.Release|Any CPU.ActiveCfg = Release|Any CPU
		{92D45D86-3261-4986-BF19-45AC6A579057}.Release|Any CPU.Build.0 = Release|Any CPU
	EndGlobalSection
	GlobalSection(SolutionProperties) = preSolution
		HideSolutionNode = FALSE
	EndGlobalSection
	GlobalSection(ExtensibilityGlobals) = postSolution
		SolutionGuid = {8C7486FC-F942-4A7A-9958-46A47E2D28C4}
	EndGlobalSection
EndGlobal
